
Microsoft Visual Studio Solution File, Format Version 12.00
# Visual Studio Version 16
VisualStudioVersion = 25.0.1703.7
MinimumVisualStudioVersion = 10.0.40219.1
Project("{FAE04EC0-301F-11D3-BF4B-00C04F79EFBC}") = "Veeam", "Veeam.csproj", "{E463FC3A-2A60-4BD4-BA07-F89E5434DB85}"
EndProject
Global
	GlobalSection(SolutionConfigurationPlatforms) = preSolution
		Debug|Any CPU = Debug|Any CPU
		Release|Any CPU = Release|Any CPU
	EndGlobalSection
	GlobalSection(ProjectConfigurationPlatforms) = postSolution
		{E463FC3A-2A60-4BD4-BA07-F89E5434DB85}.Debug|Any CPU.ActiveCfg = Debug|Any CPU
		{E463FC3A-2A60-4BD4-BA07-F89E5434DB85}.Debug|Any CPU.Build.0 = Debug|Any CPU
		{E463FC3A-2A60-4BD4-BA07-F89E5434DB85}.Release|Any CPU.ActiveCfg = Release|Any CPU
		{E463FC3A-2A60-4BD4-BA07-F89E5434DB85}.Release|Any CPU.Build.0 = Release|Any CPU
	EndGlobalSection
	GlobalSection(SolutionProperties) = preSolution
		HideSolutionNode = FALSE
	EndGlobalSection
	GlobalSection(ExtensibilityGlobals) = postSolution
		SolutionGuid = {F3D6BA12-726B-452E-8053-C4A0F1BEEF07}
	EndGlobalSection
EndGlobal
